
Microsoft Visual Studio Solution File, Format Version 12.00
# Visual Studio Version 16
VisualStudioVersion = 16.0.31410.357
MinimumVisualStudioVersion = 10.0.40219.1
Project("{FAE04EC0-301F-11D3-BF4B-00C04F79EFBC}") = "RectanglesProject", "RectanglesProject\RectanglesProject.csproj", "{A31B5AA5-9379-488B-A508-2EA1A3118CA1}"
EndProject
Global
	GlobalSection(SolutionConfigurationPlatforms) = preSolution
		Debug|Any CPU = Debug|Any CPU
		Release|Any CPU = Release|Any CPU
	EndGlobalSection
	GlobalSection(ProjectConfigurationPlatforms) = postSolution
		{A31B5AA5-9379-488B-A508-2EA1A3118CA1}.Debug|Any CPU.ActiveCfg = Debug|Any CPU
		{A31B5AA5-9379-488B-A508-2EA1A3118CA1}.Debug|Any CPU.Build.0 = Debug|Any CPU
		{A31B5AA5-9379-488B-A508-2EA1A3118CA1}.Release|Any CPU.ActiveCfg = Release|Any CPU
		{A31B5AA5-9379-488B-A508-2EA1A3118CA1}.Release|Any CPU.Build.0 = Release|Any CPU
	EndGlobalSection
	GlobalSection(SolutionProperties) = preSolution
		HideSolutionNode = FALSE
	EndGlobalSection
	GlobalSection(ExtensibilityGlobals) = postSolution
		SolutionGuid = {171ABB5D-231F-46C7-BEEB-D3D845E8C0C4}
	EndGlobalSection
EndGlobal
